
Microsoft Visual Studio Solution File, Format Version 11.00
# Visual Studio 2010
Project("{FAE04EC0-301F-11D3-BF4B-00C04F79EFBC}") = "LLCompiler", ".\LLCompiler\LLCompiler.csproj", "{68484862-9756-477A-8F36-DF38355971EC}"
EndProject
Project("{FAE04EC0-301F-11D3-BF4B-00C04F79EFBC}") = "LLCompilerTests", ".\LLCompilerTests\LLCompilerTests.csproj", "{9D64C4D5-90DC-426D-9A74-24BFB2A7C697}"
EndProject
Project("{2150E333-8FDC-42A3-9474-1A3956D46DE8}") = "Solution Items", "Solution Items", "{955C92C2-A457-4D9B-92CD-868964B635B6}"
	ProjectSection(SolutionItems) = preProject
		LLCompiler.vsmdi = LLCompiler.vsmdi
		Local.testsettings = Local.testsettings
		TraceAndTestImpact.testsettings = TraceAndTestImpact.testsettings
	EndProjectSection
EndProject
Global
	GlobalSection(TestCaseManagementSettings) = postSolution
		CategoryFile = LLCompiler.vsmdi
	EndGlobalSection
	GlobalSection(SolutionConfigurationPlatforms) = preSolution
		Debug|Any CPU = Debug|Any CPU
		Release|Any CPU = Release|Any CPU
	EndGlobalSection
	GlobalSection(ProjectConfigurationPlatforms) = postSolution
		{68484862-9756-477A-8F36-DF38355971EC}.Debug|Any CPU.ActiveCfg = Debug|Any CPU
		{68484862-9756-477A-8F36-DF38355971EC}.Debug|Any CPU.Build.0 = Debug|Any CPU
		{68484862-9756-477A-8F36-DF38355971EC}.Release|Any CPU.ActiveCfg = Release|Any CPU
		{68484862-9756-477A-8F36-DF38355971EC}.Release|Any CPU.Build.0 = Release|Any CPU
		{9D64C4D5-90DC-426D-9A74-24BFB2A7C697}.Debug|Any CPU.ActiveCfg = Debug|Any CPU
		{9D64C4D5-90DC-426D-9A74-24BFB2A7C697}.Debug|Any CPU.Build.0 = Debug|Any CPU
		{9D64C4D5-90DC-426D-9A74-24BFB2A7C697}.Release|Any CPU.ActiveCfg = Release|Any CPU
		{9D64C4D5-90DC-426D-9A74-24BFB2A7C697}.Release|Any CPU.Build.0 = Release|Any CPU
	EndGlobalSection
	GlobalSection(SolutionProperties) = preSolution
		HideSolutionNode = FALSE
	EndGlobalSection
EndGlobal
